
Microsoft Visual Studio Solution File, Format Version 12.00
# Visual Studio Version 16
VisualStudioVersion = 16.0.30225.117
MinimumVisualStudioVersion = 10.0.40219.1
Project("{FAE04EC0-301F-11D3-BF4B-00C04F79EFBC}") = "PrimeNumbers", "PrimeNumbers\PrimeNumbers.csproj", "{B37B5A34-E354-4F6C-A398-B68770570362}"
EndProject
Project("{FAE04EC0-301F-11D3-BF4B-00C04F79EFBC}") = "PrimeNumbers.Test", "PrimeNumbers.Test\PrimeNumbers.Test.csproj", "{3B65CA42-20C2-4047-8E83-C0F05B3A4999}"
EndProject
Global
	GlobalSection(SolutionConfigurationPlatforms) = preSolution
		Debug|Any CPU = Debug|Any CPU
		Release|Any CPU = Release|Any CPU
	EndGlobalSection
	GlobalSection(ProjectConfigurationPlatforms) = postSolution
		{B37B5A34-E354-4F6C-A398-B68770570362}.Debug|Any CPU.ActiveCfg = Debug|Any CPU
		{B37B5A34-E354-4F6C-A398-B68770570362}.Debug|Any CPU.Build.0 = Debug|Any CPU
		{B37B5A34-E354-4F6C-A398-B68770570362}.Release|Any CPU.ActiveCfg = Release|Any CPU
		{B37B5A34-E354-4F6C-A398-B68770570362}.Release|Any CPU.Build.0 = Release|Any CPU
		{3B65CA42-20C2-4047-8E83-C0F05B3A4999}.Debug|Any CPU.ActiveCfg = Debug|Any CPU
		{3B65CA42-20C2-4047-8E83-C0F05B3A4999}.Debug|Any CPU.Build.0 = Debug|Any CPU
		{3B65CA42-20C2-4047-8E83-C0F05B3A4999}.Release|Any CPU.ActiveCfg = Release|Any CPU
		{3B65CA42-20C2-4047-8E83-C0F05B3A4999}.Release|Any CPU.Build.0 = Release|Any CPU
	EndGlobalSection
	GlobalSection(SolutionProperties) = preSolution
		HideSolutionNode = FALSE
	EndGlobalSection
	GlobalSection(ExtensibilityGlobals) = postSolution
		SolutionGuid = {C1B052FF-C1ED-46F7-86D0-2ED8132EFBA1}
	EndGlobalSection
EndGlobal
